
Microsoft Visual Studio Solution File, Format Version 12.00
# Visual Studio Version 17
VisualStudioVersion = 17.11.35303.130
MinimumVisualStudioVersion = 10.0.40219.1
Project("{FAE04EC0-301F-11D3-BF4B-00C04F79EFBC}") = "TimeStop.DatabaseUpdater", "TimeStop.DatabaseUpdater.csproj", "{74CF7CB2-5FC2-4783-B5C5-07C97E6D9BEA}"
EndProject
Global
	GlobalSection(SolutionConfigurationPlatforms) = preSolution
		Debug|Any CPU = Debug|Any CPU
		Release|Any CPU = Release|Any CPU
	EndGlobalSection
	GlobalSection(ProjectConfigurationPlatforms) = postSolution
		{74CF7CB2-5FC2-4783-B5C5-07C97E6D9BEA}.Debug|Any CPU.ActiveCfg = Debug|Any CPU
		{74CF7CB2-5FC2-4783-B5C5-07C97E6D9BEA}.Debug|Any CPU.Build.0 = Debug|Any CPU
		{74CF7CB2-5FC2-4783-B5C5-07C97E6D9BEA}.Release|Any CPU.ActiveCfg = Release|Any CPU
		{74CF7CB2-5FC2-4783-B5C5-07C97E6D9BEA}.Release|Any CPU.Build.0 = Release|Any CPU
	EndGlobalSection
	GlobalSection(SolutionProperties) = preSolution
		HideSolutionNode = FALSE
	EndGlobalSection
	GlobalSection(ExtensibilityGlobals) = postSolution
		SolutionGuid = {F7913324-CBD5-40EC-B6F7-CA636CE6D9D2}
	EndGlobalSection
EndGlobal
